
Microsoft Visual Studio Solution File, Format Version 12.00
# Visual Studio Version 17
VisualStudioVersion = 17.7.34031.279
MinimumVisualStudioVersion = 10.0.40219.1
Project("{9A19103F-16F7-4668-BE54-9A1E7A4F7556}") = "Worker1", "Worker1\Worker1.csproj", "{0EC3428D-F246-4E14-9416-A55B68A7DA70}"
EndProject
Project("{9A19103F-16F7-4668-BE54-9A1E7A4F7556}") = "FibonacciLib", "FibonacciLib\FibonacciLib.csproj", "{6059160A-0EED-4081-8B99-FE804341C487}"
EndProject
Project("{9A19103F-16F7-4668-BE54-9A1E7A4F7556}") = "Worker2", "Worker2\Worker2.csproj", "{0AE7B1B6-BCE2-4328-A1C5-7096A16C1B79}"
EndProject
Global
	GlobalSection(SolutionConfigurationPlatforms) = preSolution
		Debug|Any CPU = Debug|Any CPU
		Release|Any CPU = Release|Any CPU
	EndGlobalSection
	GlobalSection(ProjectConfigurationPlatforms) = postSolution
		{0EC3428D-F246-4E14-9416-A55B68A7DA70}.Debug|Any CPU.ActiveCfg = Debug|Any CPU
		{0EC3428D-F246-4E14-9416-A55B68A7DA70}.Debug|Any CPU.Build.0 = Debug|Any CPU
		{0EC3428D-F246-4E14-9416-A55B68A7DA70}.Release|Any CPU.ActiveCfg = Release|Any CPU
		{0EC3428D-F246-4E14-9416-A55B68A7DA70}.Release|Any CPU.Build.0 = Release|Any CPU
		{6059160A-0EED-4081-8B99-FE804341C487}.Debug|Any CPU.ActiveCfg = Debug|Any CPU
		{6059160A-0EED-4081-8B99-FE804341C487}.Debug|Any CPU.Build.0 = Debug|Any CPU
		{6059160A-0EED-4081-8B99-FE804341C487}.Release|Any CPU.ActiveCfg = Release|Any CPU
		{6059160A-0EED-4081-8B99-FE804341C487}.Release|Any CPU.Build.0 = Release|Any CPU
		{0AE7B1B6-BCE2-4328-A1C5-7096A16C1B79}.Debug|Any CPU.ActiveCfg = Debug|Any CPU
		{0AE7B1B6-BCE2-4328-A1C5-7096A16C1B79}.Debug|Any CPU.Build.0 = Debug|Any CPU
		{0AE7B1B6-BCE2-4328-A1C5-7096A16C1B79}.Release|Any CPU.ActiveCfg = Release|Any CPU
		{0AE7B1B6-BCE2-4328-A1C5-7096A16C1B79}.Release|Any CPU.Build.0 = Release|Any CPU
	EndGlobalSection
	GlobalSection(SolutionProperties) = preSolution
		HideSolutionNode = FALSE
	EndGlobalSection
	GlobalSection(ExtensibilityGlobals) = postSolution
		SolutionGuid = {7D51D799-93DB-4E76-8CB8-7E9D57FB973F}
	EndGlobalSection
EndGlobal
